
Microsoft Visual Studio Solution File, Format Version 12.00
# Visual Studio Version 16
VisualStudioVersion = 16.0.31729.503
MinimumVisualStudioVersion = 10.0.40219.1
Project("{FAE04EC0-301F-11D3-BF4B-00C04F79EFBC}") = "KojVenStatistic", "KojVenStatistic\KojVenStatistic.csproj", "{C9E7D8A0-FA72-4EAD-83AB-963DCD4C0E79}"
EndProject
Global
	GlobalSection(SolutionConfigurationPlatforms) = preSolution
		Debug|Any CPU = Debug|Any CPU
		Release|Any CPU = Release|Any CPU
	EndGlobalSection
	GlobalSection(ProjectConfigurationPlatforms) = postSolution
		{C9E7D8A0-FA72-4EAD-83AB-963DCD4C0E79}.Debug|Any CPU.ActiveCfg = Debug|Any CPU
		{C9E7D8A0-FA72-4EAD-83AB-963DCD4C0E79}.Debug|Any CPU.Build.0 = Debug|Any CPU
		{C9E7D8A0-FA72-4EAD-83AB-963DCD4C0E79}.Release|Any CPU.ActiveCfg = Release|Any CPU
		{C9E7D8A0-FA72-4EAD-83AB-963DCD4C0E79}.Release|Any CPU.Build.0 = Release|Any CPU
	EndGlobalSection
	GlobalSection(SolutionProperties) = preSolution
		HideSolutionNode = FALSE
	EndGlobalSection
	GlobalSection(ExtensibilityGlobals) = postSolution
		SolutionGuid = {392E7B20-1160-4237-93EE-2B13D19DE94D}
	EndGlobalSection
EndGlobal
